
Microsoft Visual Studio Solution File, Format Version 12.00
Project("{FAE04EC0-301F-11D3-BF4B-00C04F79EFBC}") = "MimirBlog", "MimirBlog.csproj", "{2672C27B-C0B1-4D2B-8DD4-6A5CC01B9197}"
EndProject
Global
	GlobalSection(SolutionConfigurationPlatforms) = preSolution
		Debug|Any CPU = Debug|Any CPU
		Release|Any CPU = Release|Any CPU
	EndGlobalSection
	GlobalSection(ProjectConfigurationPlatforms) = postSolution
		{2672C27B-C0B1-4D2B-8DD4-6A5CC01B9197}.Debug|Any CPU.ActiveCfg = Debug|Any CPU
		{2672C27B-C0B1-4D2B-8DD4-6A5CC01B9197}.Debug|Any CPU.Build.0 = Debug|Any CPU
		{2672C27B-C0B1-4D2B-8DD4-6A5CC01B9197}.Release|Any CPU.ActiveCfg = Release|Any CPU
		{2672C27B-C0B1-4D2B-8DD4-6A5CC01B9197}.Release|Any CPU.Build.0 = Release|Any CPU
	EndGlobalSection
EndGlobal
